
Microsoft Visual Studio Solution File, Format Version 12.00
# Visual Studio 15
VisualStudioVersion = 15.0.26730.3
MinimumVisualStudioVersion = 10.0.40219.1
Project("{FAE04EC0-301F-11D3-BF4B-00C04F79EFBC}") = "GDIPlus_1new", "GDIPlus_1new\GDIPlus_1new.csproj", "{19F75D91-CBA3-4F05-A335-7E391E028DD1}"
EndProject
Global
	GlobalSection(SolutionConfigurationPlatforms) = preSolution
		Debug|Any CPU = Debug|Any CPU
		Release|Any CPU = Release|Any CPU
	EndGlobalSection
	GlobalSection(ProjectConfigurationPlatforms) = postSolution
		{19F75D91-CBA3-4F05-A335-7E391E028DD1}.Debug|Any CPU.ActiveCfg = Debug|Any CPU
		{19F75D91-CBA3-4F05-A335-7E391E028DD1}.Debug|Any CPU.Build.0 = Debug|Any CPU
		{19F75D91-CBA3-4F05-A335-7E391E028DD1}.Release|Any CPU.ActiveCfg = Release|Any CPU
		{19F75D91-CBA3-4F05-A335-7E391E028DD1}.Release|Any CPU.Build.0 = Release|Any CPU
	EndGlobalSection
	GlobalSection(SolutionProperties) = preSolution
		HideSolutionNode = FALSE
	EndGlobalSection
	GlobalSection(ExtensibilityGlobals) = postSolution
		SolutionGuid = {3F81A603-D861-4A95-8A1E-6BBC2C59C06B}
	EndGlobalSection
EndGlobal
